
Microsoft Visual Studio Solution File, Format Version 12.00
# Visual Studio Version 17
VisualStudioVersion = 17.1.32228.430
MinimumVisualStudioVersion = 10.0.40219.1
Project("{9A19103F-16F7-4668-BE54-9A1E7A4F7556}") = "DAL", "ItemChecker\DAL.csproj", "{E742730B-93DF-4092-87E6-AFACE4C3DA58}"
EndProject
Project("{2150E333-8FDC-42A3-9474-1A3956D46DE8}") = "PopControl", "PopControl", "{13BF5B7E-34BA-4585-A4C9-AC8AC2D0471D}"
EndProject
Project("{9A19103F-16F7-4668-BE54-9A1E7A4F7556}") = "DAL.Tests", "DAL.Tests\DAL.Tests.csproj", "{D053FB98-68D2-45A9-8FC9-DC4E27068834}"
EndProject
Project("{FAE04EC0-301F-11D3-BF4B-00C04F79EFBC}") = "BLL", "BLL\BLL.csproj", "{44409147-BA2B-48E0-93EB-3387F3CFD623}"
EndProject
Project("{FAE04EC0-301F-11D3-BF4B-00C04F79EFBC}") = "CLL", "CLL\CLL.csproj", "{B1AB4783-F689-468D-AD8F-C8654705E0B5}"
EndProject
Global
	GlobalSection(SolutionConfigurationPlatforms) = preSolution
		Debug|Any CPU = Debug|Any CPU
		Release|Any CPU = Release|Any CPU
	EndGlobalSection
	GlobalSection(ProjectConfigurationPlatforms) = postSolution
		{E742730B-93DF-4092-87E6-AFACE4C3DA58}.Debug|Any CPU.ActiveCfg = Debug|Any CPU
		{E742730B-93DF-4092-87E6-AFACE4C3DA58}.Debug|Any CPU.Build.0 = Debug|Any CPU
		{E742730B-93DF-4092-87E6-AFACE4C3DA58}.Release|Any CPU.ActiveCfg = Release|Any CPU
		{E742730B-93DF-4092-87E6-AFACE4C3DA58}.Release|Any CPU.Build.0 = Release|Any CPU
		{D053FB98-68D2-45A9-8FC9-DC4E27068834}.Debug|Any CPU.ActiveCfg = Debug|Any CPU
		{D053FB98-68D2-45A9-8FC9-DC4E27068834}.Debug|Any CPU.Build.0 = Debug|Any CPU
		{D053FB98-68D2-45A9-8FC9-DC4E27068834}.Release|Any CPU.ActiveCfg = Release|Any CPU
		{D053FB98-68D2-45A9-8FC9-DC4E27068834}.Release|Any CPU.Build.0 = Release|Any CPU
		{44409147-BA2B-48E0-93EB-3387F3CFD623}.Debug|Any CPU.ActiveCfg = Debug|Any CPU
		{44409147-BA2B-48E0-93EB-3387F3CFD623}.Debug|Any CPU.Build.0 = Debug|Any CPU
		{44409147-BA2B-48E0-93EB-3387F3CFD623}.Release|Any CPU.ActiveCfg = Release|Any CPU
		{44409147-BA2B-48E0-93EB-3387F3CFD623}.Release|Any CPU.Build.0 = Release|Any CPU
		{B1AB4783-F689-468D-AD8F-C8654705E0B5}.Debug|Any CPU.ActiveCfg = Debug|Any CPU
		{B1AB4783-F689-468D-AD8F-C8654705E0B5}.Debug|Any CPU.Build.0 = Debug|Any CPU
		{B1AB4783-F689-468D-AD8F-C8654705E0B5}.Release|Any CPU.ActiveCfg = Release|Any CPU
		{B1AB4783-F689-468D-AD8F-C8654705E0B5}.Release|Any CPU.Build.0 = Release|Any CPU
	EndGlobalSection
	GlobalSection(SolutionProperties) = preSolution
		HideSolutionNode = FALSE
	EndGlobalSection
	GlobalSection(NestedProjects) = preSolution
		{E742730B-93DF-4092-87E6-AFACE4C3DA58} = {13BF5B7E-34BA-4585-A4C9-AC8AC2D0471D}
		{D053FB98-68D2-45A9-8FC9-DC4E27068834} = {13BF5B7E-34BA-4585-A4C9-AC8AC2D0471D}
		{44409147-BA2B-48E0-93EB-3387F3CFD623} = {13BF5B7E-34BA-4585-A4C9-AC8AC2D0471D}
		{B1AB4783-F689-468D-AD8F-C8654705E0B5} = {13BF5B7E-34BA-4585-A4C9-AC8AC2D0471D}
	EndGlobalSection
	GlobalSection(ExtensibilityGlobals) = postSolution
		SolutionGuid = {8AF1216B-1372-4C41-9C98-F0C857E3C011}
	EndGlobalSection
EndGlobal
